
Microsoft Visual Studio Solution File, Format Version 12.00
# Visual Studio Version 16
VisualStudioVersion = 16.0.30717.126
MinimumVisualStudioVersion = 10.0.40219.1
Project("{FAE04EC0-301F-11D3-BF4B-00C04F79EFBC}") = "InventoryPOS.api", "InventoryPOS.api.csproj", "{2892626D-1755-4243-98E3-8C470B31376A}"
EndProject
Project("{FAE04EC0-301F-11D3-BF4B-00C04F79EFBC}") = "InventoryPOS.DataStore", "..\Inventory.DataStore\InventoryPOS.DataStore.csproj", "{0F99C7C0-A130-4B8D-802C-93179B9F5636}"
EndProject
Project("{FAE04EC0-301F-11D3-BF4B-00C04F79EFBC}") = "InventoryPOSApp.Core", "..\InventoryApp.Core\InventoryPOSApp.Core.csproj", "{C01F4C4E-CF6F-4F5A-B29F-DCCF8D73D789}"
EndProject
Global
	GlobalSection(SolutionConfigurationPlatforms) = preSolution
		Debug|Any CPU = Debug|Any CPU
		Release|Any CPU = Release|Any CPU
	EndGlobalSection
	GlobalSection(ProjectConfigurationPlatforms) = postSolution
		{2892626D-1755-4243-98E3-8C470B31376A}.Debug|Any CPU.ActiveCfg = Debug|Any CPU
		{2892626D-1755-4243-98E3-8C470B31376A}.Debug|Any CPU.Build.0 = Debug|Any CPU
		{2892626D-1755-4243-98E3-8C470B31376A}.Release|Any CPU.ActiveCfg = Release|Any CPU
		{2892626D-1755-4243-98E3-8C470B31376A}.Release|Any CPU.Build.0 = Release|Any CPU
		{0F99C7C0-A130-4B8D-802C-93179B9F5636}.Debug|Any CPU.ActiveCfg = Debug|Any CPU
		{0F99C7C0-A130-4B8D-802C-93179B9F5636}.Debug|Any CPU.Build.0 = Debug|Any CPU
		{0F99C7C0-A130-4B8D-802C-93179B9F5636}.Release|Any CPU.ActiveCfg = Release|Any CPU
		{0F99C7C0-A130-4B8D-802C-93179B9F5636}.Release|Any CPU.Build.0 = Release|Any CPU
		{C01F4C4E-CF6F-4F5A-B29F-DCCF8D73D789}.Debug|Any CPU.ActiveCfg = Debug|Any CPU
		{C01F4C4E-CF6F-4F5A-B29F-DCCF8D73D789}.Debug|Any CPU.Build.0 = Debug|Any CPU
		{C01F4C4E-CF6F-4F5A-B29F-DCCF8D73D789}.Release|Any CPU.ActiveCfg = Release|Any CPU
		{C01F4C4E-CF6F-4F5A-B29F-DCCF8D73D789}.Release|Any CPU.Build.0 = Release|Any CPU
	EndGlobalSection
	GlobalSection(SolutionProperties) = preSolution
		HideSolutionNode = FALSE
	EndGlobalSection
	GlobalSection(ExtensibilityGlobals) = postSolution
		SolutionGuid = {F819C023-031F-41FC-9A70-56C9E02E4857}
	EndGlobalSection
EndGlobal
